
Microsoft Visual Studio Solution File, Format Version 12.00
# Visual Studio 2012
VisualStudioVersion = 12.0.21005.1
MinimumVisualStudioVersion = 10.0.40219.1
Project("{FAE04EC0-301F-11D3-BF4B-00C04F79EFBC}") = "ClubFair", "ClubFair\ClubFair.csproj", "{1569B3C4-FF30-4C98-8501-EC23DDDA7AA3}"
EndProject
Project("{FAE04EC0-301F-11D3-BF4B-00C04F79EFBC}") = "ClubFairMac", "ClubFairMac\ClubFairMac.csproj", "{FF8D3891-8C23-4928-88A4-09BA161BA05E}"
EndProject
Project("{2150E333-8FDC-42A3-9474-1A3956D46DE8}") = "Solution Items", "Solution Items", "{62C367E0-12FF-47B1-8030-91A367789AD6}"
	ProjectSection(SolutionItems) = preProject
		README.md = README.md
	EndProjectSection
EndProject
Project("{FAE04EC0-301F-11D3-BF4B-00C04F79EFBC}") = "Source", "Source\Source.csproj", "{5CDED029-4ADB-4700-952F-BE5809450734}"
EndProject
Global
	GlobalSection(SolutionConfigurationPlatforms) = preSolution
		Debug|x64 = Debug|x64
		Debug|x86 = Debug|x86
		Release|x64 = Release|x64
		Release|x86 = Release|x86
	EndGlobalSection
	GlobalSection(ProjectConfigurationPlatforms) = postSolution
		{1569B3C4-FF30-4C98-8501-EC23DDDA7AA3}.Debug|x64.ActiveCfg = Debug|x64
		{1569B3C4-FF30-4C98-8501-EC23DDDA7AA3}.Debug|x64.Build.0 = Debug|x64
		{1569B3C4-FF30-4C98-8501-EC23DDDA7AA3}.Debug|x86.ActiveCfg = Debug|x86
		{1569B3C4-FF30-4C98-8501-EC23DDDA7AA3}.Debug|x86.Build.0 = Debug|x86
		{1569B3C4-FF30-4C98-8501-EC23DDDA7AA3}.Release|x64.ActiveCfg = Release|x64
		{1569B3C4-FF30-4C98-8501-EC23DDDA7AA3}.Release|x64.Build.0 = Release|x64
		{1569B3C4-FF30-4C98-8501-EC23DDDA7AA3}.Release|x86.ActiveCfg = Release|x86
		{1569B3C4-FF30-4C98-8501-EC23DDDA7AA3}.Release|x86.Build.0 = Release|x86
		{5CDED029-4ADB-4700-952F-BE5809450734}.Debug|x64.ActiveCfg = Debug|Any CPU
		{5CDED029-4ADB-4700-952F-BE5809450734}.Debug|x64.Build.0 = Debug|Any CPU
		{5CDED029-4ADB-4700-952F-BE5809450734}.Debug|x86.ActiveCfg = Debug|Any CPU
		{5CDED029-4ADB-4700-952F-BE5809450734}.Debug|x86.Build.0 = Debug|Any CPU
		{5CDED029-4ADB-4700-952F-BE5809450734}.Release|x64.ActiveCfg = Release|Any CPU
		{5CDED029-4ADB-4700-952F-BE5809450734}.Release|x64.Build.0 = Release|Any CPU
		{5CDED029-4ADB-4700-952F-BE5809450734}.Release|x86.ActiveCfg = Release|Any CPU
		{5CDED029-4ADB-4700-952F-BE5809450734}.Release|x86.Build.0 = Release|Any CPU
		{FF8D3891-8C23-4928-88A4-09BA161BA05E}.Debug|x64.ActiveCfg = Debug|Any CPU
		{FF8D3891-8C23-4928-88A4-09BA161BA05E}.Debug|x64.Build.0 = Debug|Any CPU
		{FF8D3891-8C23-4928-88A4-09BA161BA05E}.Debug|x86.ActiveCfg = Debug|Any CPU
		{FF8D3891-8C23-4928-88A4-09BA161BA05E}.Debug|x86.Build.0 = Debug|Any CPU
		{FF8D3891-8C23-4928-88A4-09BA161BA05E}.Release|x64.ActiveCfg = Release|Any CPU
		{FF8D3891-8C23-4928-88A4-09BA161BA05E}.Release|x64.Build.0 = Release|Any CPU
		{FF8D3891-8C23-4928-88A4-09BA161BA05E}.Release|x86.ActiveCfg = Release|Any CPU
		{FF8D3891-8C23-4928-88A4-09BA161BA05E}.Release|x86.Build.0 = Release|Any CPU
	EndGlobalSection
	GlobalSection(NestedProjects) = preSolution
	EndGlobalSection
	GlobalSection(SolutionProperties) = preSolution
		HideSolutionNode = FALSE
	EndGlobalSection
EndGlobal
